
Microsoft Visual Studio Solution File, Format Version 12.00
# Visual Studio Version 17
VisualStudioVersion = 17.11.35327.3
MinimumVisualStudioVersion = 10.0.40219.1
Project("{FAE04EC0-301F-11D3-BF4B-00C04F79EFBC}") = "SyncFolder", "SyncFolder\SyncFolder.csproj", "{36EA9D31-D130-4555-9E61-204B5830316E}"
EndProject
Global
	GlobalSection(SolutionConfigurationPlatforms) = preSolution
		Debug|Any CPU = Debug|Any CPU
		Release|Any CPU = Release|Any CPU
	EndGlobalSection
	GlobalSection(ProjectConfigurationPlatforms) = postSolution
		{36EA9D31-D130-4555-9E61-204B5830316E}.Debug|Any CPU.ActiveCfg = Debug|Any CPU
		{36EA9D31-D130-4555-9E61-204B5830316E}.Debug|Any CPU.Build.0 = Debug|Any CPU
		{36EA9D31-D130-4555-9E61-204B5830316E}.Release|Any CPU.ActiveCfg = Release|Any CPU
		{36EA9D31-D130-4555-9E61-204B5830316E}.Release|Any CPU.Build.0 = Release|Any CPU
	EndGlobalSection
	GlobalSection(SolutionProperties) = preSolution
		HideSolutionNode = FALSE
	EndGlobalSection
	GlobalSection(ExtensibilityGlobals) = postSolution
		SolutionGuid = {5113AFEA-251C-4B35-9E62-DD698FAB386E}
	EndGlobalSection
EndGlobal
